
Microsoft Visual Studio Solution File, Format Version 12.00
# Visual Studio Version 17
VisualStudioVersion = 17.7.34202.233
MinimumVisualStudioVersion = 10.0.40219.1
Project("{9A19103F-16F7-4668-BE54-9A1E7A4F7556}") = "iParkingv5_window", "iParkingv5_window.csproj", "{71053C23-8A4F-4EFB-8A2D-936AB29C2493}"
EndProject
Project("{9A19103F-16F7-4668-BE54-9A1E7A4F7556}") = "iParking.ConfigurationManager", "..\iParking.ConfigurationManager\iParking.ConfigurationManager.csproj", "{24095C48-E02B-4199-8450-4E8DD1DFCEDF}"
EndProject
Project("{9A19103F-16F7-4668-BE54-9A1E7A4F7556}") = "iParkingv5.ApiManager", "..\iParkingv5.ApiManager\iParkingv5.ApiManager.csproj", "{4DEBA3A4-D7E1-485B-AC2B-F3634BD058D0}"
EndProject
Project("{9A19103F-16F7-4668-BE54-9A1E7A4F7556}") = "iParkingv5.Controller", "..\iParkingv5.Controller\iParkingv5.Controller.csproj", "{4CC2ACFA-09FF-4E57-9EAC-692981C8AE71}"
EndProject
Project("{9A19103F-16F7-4668-BE54-9A1E7A4F7556}") = "iParkingv5.Objects", "..\iParkingv5.Objects\iParkingv5.Objects.csproj", "{DEC60049-9B58-48EF-98CE-B453E82F5562}"
EndProject
Project("{9A19103F-16F7-4668-BE54-9A1E7A4F7556}") = "Kztek.Tool", "..\..\..\..\3.Lotte_TayHo\1.source\iPGS_2023_NET6\Kztek.Tool\Kztek.Tool.csproj", "{BD275E54-0ED4-43E4-9DFA-FAB70E518A31}"
EndProject
Project("{9A19103F-16F7-4668-BE54-9A1E7A4F7556}") = "IPGS.Ultility", "..\..\..\..\3.Lotte_TayHo\1.source\iPGS_2023_NET6\IPGS.Ultility\IPGS.Ultility.csproj", "{A0C4D319-D401-49DD-8D67-E8608D4CB02C}"
EndProject
Project("{9A19103F-16F7-4668-BE54-9A1E7A4F7556}") = "DahuaLib", "..\..\..\..\3.Lotte_TayHo\1.source\iPGS_2023_NET6\DahuaLib\DahuaLib.csproj", "{72290F1F-2829-4F7E-A57C-D9B311A2415A}"
EndProject
Project("{9A19103F-16F7-4668-BE54-9A1E7A4F7556}") = "iParkingv5.LedDisplay", "..\iParkingv5.LedDisplay\iParkingv5.LedDisplay.csproj", "{CA848DDD-2199-47D5-87AE-7709FC586FD6}"
EndProject
Project("{9A19103F-16F7-4668-BE54-9A1E7A4F7556}") = "IPaking.Ultility", "..\IPaking.Ultility\IPaking.Ultility.csproj", "{05A35022-C88A-43F6-8C36-E6A10AF877D7}"
EndProject
Project("{9A19103F-16F7-4668-BE54-9A1E7A4F7556}") = "iParkingv5.Lpr", "..\iParkingv5.Lpr\iParkingv5.Lpr.csproj", "{EB7A6956-6C81-43C4-A3A9-303B7D674BCD}"
EndProject
Project("{9A19103F-16F7-4668-BE54-9A1E7A4F7556}") = "iParkingv5.EInvoiceManager", "..\iParkingv5.EInvoiceManager\iParkingv5.EInvoiceManager.csproj", "{622C84F2-B70D-42F4-8E2F-A02147791F06}"
EndProject
Project("{9A19103F-16F7-4668-BE54-9A1E7A4F7556}") = "iParkingv5.Misa.Object", "..\iParkingv5.Misa.Object\iParkingv5.Misa.Object.csproj", "{81AAB622-F0EA-48B4-8904-15FF035AD86D}"
EndProject
Project("{9A19103F-16F7-4668-BE54-9A1E7A4F7556}") = "iParkingv5.Viettel.Object", "..\iParkingv5.Viettel.Object\iParkingv5.Viettel.Object.csproj", "{64BCEBA5-40DC-4D6F-B155-E2173D6BC7C6}"
EndProject
Project("{9A19103F-16F7-4668-BE54-9A1E7A4F7556}") = "AppTest", "..\AppTest\AppTest.csproj", "{0E38EF99-DD8D-439E-8972-1BEFCEDEE9F9}"
EndProject
Project("{9A19103F-16F7-4668-BE54-9A1E7A4F7556}") = "Kztek.Cameras", "..\..\..\..\..\..\..\BaseLib\Kztek.Cameras\Kztek.Cameras.csproj", "{30C60AA1-6E0C-46BD-954E-93864004068B}"
EndProject
Project("{9A19103F-16F7-4668-BE54-9A1E7A4F7556}") = "Kztek.RtspPlayer", "..\..\..\..\..\..\..\BaseLib\Kztek.RtspPlayer\Kztek.RtspPlayer\Kztek.RtspPlayer.csproj", "{A2A38A7D-068C-4A8E-B25F-465F6D5B1179}"
EndProject
Project("{9A19103F-16F7-4668-BE54-9A1E7A4F7556}") = "iParkingv5_CustomerRegister", "..\iParkingv5_CustomerRegister\iParkingv5_CustomerRegister.csproj", "{B34648C1-5596-4C68-BDC1-4AEBB9B24F45}"
EndProject
Project("{9A19103F-16F7-4668-BE54-9A1E7A4F7556}") = "Kztek.LPR", "..\..\..\..\..\..\..\BaseLib\Kztek.LPR\Kztek.LPR.csproj", "{0835D5B8-0251-451B-BF3E-728DBBA88500}"
EndProject
Project("{FAE04EC0-301F-11D3-BF4B-00C04F79EFBC}") = "iPakrkingv5.Controls", "..\iPakrkingv5.Controls\iPakrkingv5.Controls.csproj", "{C2B2CAAF-0974-4727-8930-E67B67B829DD}"
EndProject
Global
	GlobalSection(SolutionConfigurationPlatforms) = preSolution
		Debug|Any CPU = Debug|Any CPU
		Debug|x64 = Debug|x64
		Debug|x86 = Debug|x86
		Release|Any CPU = Release|Any CPU
		Release|x64 = Release|x64
		Release|x86 = Release|x86
	EndGlobalSection
	GlobalSection(ProjectConfigurationPlatforms) = postSolution
		{71053C23-8A4F-4EFB-8A2D-936AB29C2493}.Debug|Any CPU.ActiveCfg = Debug|x64
		{71053C23-8A4F-4EFB-8A2D-936AB29C2493}.Debug|Any CPU.Build.0 = Debug|x64
		{71053C23-8A4F-4EFB-8A2D-936AB29C2493}.Debug|x64.ActiveCfg = Debug|x86
		{71053C23-8A4F-4EFB-8A2D-936AB29C2493}.Debug|x64.Build.0 = Debug|x86
		{71053C23-8A4F-4EFB-8A2D-936AB29C2493}.Debug|x86.ActiveCfg = Debug|x86
		{71053C23-8A4F-4EFB-8A2D-936AB29C2493}.Debug|x86.Build.0 = Debug|x86
		{71053C23-8A4F-4EFB-8A2D-936AB29C2493}.Release|Any CPU.ActiveCfg = Release|x64
		{71053C23-8A4F-4EFB-8A2D-936AB29C2493}.Release|Any CPU.Build.0 = Release|x64
		{71053C23-8A4F-4EFB-8A2D-936AB29C2493}.Release|x64.ActiveCfg = Release|x64
		{71053C23-8A4F-4EFB-8A2D-936AB29C2493}.Release|x64.Build.0 = Release|x64
		{71053C23-8A4F-4EFB-8A2D-936AB29C2493}.Release|x86.ActiveCfg = Release|x86
		{71053C23-8A4F-4EFB-8A2D-936AB29C2493}.Release|x86.Build.0 = Release|x86
		{24095C48-E02B-4199-8450-4E8DD1DFCEDF}.Debug|Any CPU.ActiveCfg = Debug|x64
		{24095C48-E02B-4199-8450-4E8DD1DFCEDF}.Debug|Any CPU.Build.0 = Debug|x64
		{24095C48-E02B-4199-8450-4E8DD1DFCEDF}.Debug|x64.ActiveCfg = Debug|x86
		{24095C48-E02B-4199-8450-4E8DD1DFCEDF}.Debug|x64.Build.0 = Debug|x86
		{24095C48-E02B-4199-8450-4E8DD1DFCEDF}.Debug|x86.ActiveCfg = Debug|x86
		{24095C48-E02B-4199-8450-4E8DD1DFCEDF}.Debug|x86.Build.0 = Debug|x86
		{24095C48-E02B-4199-8450-4E8DD1DFCEDF}.Release|Any CPU.ActiveCfg = Release|x64
		{24095C48-E02B-4199-8450-4E8DD1DFCEDF}.Release|Any CPU.Build.0 = Release|x64
		{24095C48-E02B-4199-8450-4E8DD1DFCEDF}.Release|x64.ActiveCfg = Release|x64
		{24095C48-E02B-4199-8450-4E8DD1DFCEDF}.Release|x64.Build.0 = Release|x64
		{24095C48-E02B-4199-8450-4E8DD1DFCEDF}.Release|x86.ActiveCfg = Release|x86
		{24095C48-E02B-4199-8450-4E8DD1DFCEDF}.Release|x86.Build.0 = Release|x86
		{4DEBA3A4-D7E1-485B-AC2B-F3634BD058D0}.Debug|Any CPU.ActiveCfg = Debug|x64
		{4DEBA3A4-D7E1-485B-AC2B-F3634BD058D0}.Debug|Any CPU.Build.0 = Debug|x64
		{4DEBA3A4-D7E1-485B-AC2B-F3634BD058D0}.Debug|x64.ActiveCfg = Debug|x86
		{4DEBA3A4-D7E1-485B-AC2B-F3634BD058D0}.Debug|x64.Build.0 = Debug|x86
		{4DEBA3A4-D7E1-485B-AC2B-F3634BD058D0}.Debug|x86.ActiveCfg = Debug|x86
		{4DEBA3A4-D7E1-485B-AC2B-F3634BD058D0}.Debug|x86.Build.0 = Debug|x86
		{4DEBA3A4-D7E1-485B-AC2B-F3634BD058D0}.Release|Any CPU.ActiveCfg = Release|x64
		{4DEBA3A4-D7E1-485B-AC2B-F3634BD058D0}.Release|Any CPU.Build.0 = Release|x64
		{4DEBA3A4-D7E1-485B-AC2B-F3634BD058D0}.Release|x64.ActiveCfg = Release|x64
		{4DEBA3A4-D7E1-485B-AC2B-F3634BD058D0}.Release|x64.Build.0 = Release|x64
		{4DEBA3A4-D7E1-485B-AC2B-F3634BD058D0}.Release|x86.ActiveCfg = Release|x86
		{4DEBA3A4-D7E1-485B-AC2B-F3634BD058D0}.Release|x86.Build.0 = Release|x86
		{4CC2ACFA-09FF-4E57-9EAC-692981C8AE71}.Debug|Any CPU.ActiveCfg = Debug|x64
		{4CC2ACFA-09FF-4E57-9EAC-692981C8AE71}.Debug|Any CPU.Build.0 = Debug|x64
		{4CC2ACFA-09FF-4E57-9EAC-692981C8AE71}.Debug|x64.ActiveCfg = Debug|x86
		{4CC2ACFA-09FF-4E57-9EAC-692981C8AE71}.Debug|x64.Build.0 = Debug|x86
		{4CC2ACFA-09FF-4E57-9EAC-692981C8AE71}.Debug|x86.ActiveCfg = Debug|x86
		{4CC2ACFA-09FF-4E57-9EAC-692981C8AE71}.Debug|x86.Build.0 = Debug|x86
		{4CC2ACFA-09FF-4E57-9EAC-692981C8AE71}.Release|Any CPU.ActiveCfg = Release|x64
		{4CC2ACFA-09FF-4E57-9EAC-692981C8AE71}.Release|Any CPU.Build.0 = Release|x64
		{4CC2ACFA-09FF-4E57-9EAC-692981C8AE71}.Release|x64.ActiveCfg = Release|x64
		{4CC2ACFA-09FF-4E57-9EAC-692981C8AE71}.Release|x64.Build.0 = Release|x64
		{4CC2ACFA-09FF-4E57-9EAC-692981C8AE71}.Release|x86.ActiveCfg = Release|x86
		{4CC2ACFA-09FF-4E57-9EAC-692981C8AE71}.Release|x86.Build.0 = Release|x86
		{DEC60049-9B58-48EF-98CE-B453E82F5562}.Debug|Any CPU.ActiveCfg = Debug|x64
		{DEC60049-9B58-48EF-98CE-B453E82F5562}.Debug|Any CPU.Build.0 = Debug|x64
		{DEC60049-9B58-48EF-98CE-B453E82F5562}.Debug|x64.ActiveCfg = Debug|x86
		{DEC60049-9B58-48EF-98CE-B453E82F5562}.Debug|x64.Build.0 = Debug|x86
		{DEC60049-9B58-48EF-98CE-B453E82F5562}.Debug|x86.ActiveCfg = Debug|x86
		{DEC60049-9B58-48EF-98CE-B453E82F5562}.Debug|x86.Build.0 = Debug|x86
		{DEC60049-9B58-48EF-98CE-B453E82F5562}.Release|Any CPU.ActiveCfg = Release|x64
		{DEC60049-9B58-48EF-98CE-B453E82F5562}.Release|Any CPU.Build.0 = Release|x64
		{DEC60049-9B58-48EF-98CE-B453E82F5562}.Release|x64.ActiveCfg = Release|x64
		{DEC60049-9B58-48EF-98CE-B453E82F5562}.Release|x64.Build.0 = Release|x64
		{DEC60049-9B58-48EF-98CE-B453E82F5562}.Release|x86.ActiveCfg = Release|x86
		{DEC60049-9B58-48EF-98CE-B453E82F5562}.Release|x86.Build.0 = Release|x86
		{BD275E54-0ED4-43E4-9DFA-FAB70E518A31}.Debug|Any CPU.ActiveCfg = Debug|x64
		{BD275E54-0ED4-43E4-9DFA-FAB70E518A31}.Debug|Any CPU.Build.0 = Debug|x64
		{BD275E54-0ED4-43E4-9DFA-FAB70E518A31}.Debug|x64.ActiveCfg = Debug|x86
		{BD275E54-0ED4-43E4-9DFA-FAB70E518A31}.Debug|x64.Build.0 = Debug|x86
		{BD275E54-0ED4-43E4-9DFA-FAB70E518A31}.Debug|x86.ActiveCfg = Debug|x86
		{BD275E54-0ED4-43E4-9DFA-FAB70E518A31}.Debug|x86.Build.0 = Debug|x86
		{BD275E54-0ED4-43E4-9DFA-FAB70E518A31}.Release|Any CPU.ActiveCfg = Release|x64
		{BD275E54-0ED4-43E4-9DFA-FAB70E518A31}.Release|Any CPU.Build.0 = Release|x64
		{BD275E54-0ED4-43E4-9DFA-FAB70E518A31}.Release|x64.ActiveCfg = Release|x64
		{BD275E54-0ED4-43E4-9DFA-FAB70E518A31}.Release|x64.Build.0 = Release|x64
		{BD275E54-0ED4-43E4-9DFA-FAB70E518A31}.Release|x86.ActiveCfg = Release|x86
		{BD275E54-0ED4-43E4-9DFA-FAB70E518A31}.Release|x86.Build.0 = Release|x86
		{A0C4D319-D401-49DD-8D67-E8608D4CB02C}.Debug|Any CPU.ActiveCfg = Debug|x64
		{A0C4D319-D401-49DD-8D67-E8608D4CB02C}.Debug|Any CPU.Build.0 = Debug|x64
		{A0C4D319-D401-49DD-8D67-E8608D4CB02C}.Debug|x64.ActiveCfg = Debug|x86
		{A0C4D319-D401-49DD-8D67-E8608D4CB02C}.Debug|x64.Build.0 = Debug|x86
		{A0C4D319-D401-49DD-8D67-E8608D4CB02C}.Debug|x86.ActiveCfg = Debug|x86
		{A0C4D319-D401-49DD-8D67-E8608D4CB02C}.Debug|x86.Build.0 = Debug|x86
		{A0C4D319-D401-49DD-8D67-E8608D4CB02C}.Release|Any CPU.ActiveCfg = Release|x64
		{A0C4D319-D401-49DD-8D67-E8608D4CB02C}.Release|Any CPU.Build.0 = Release|x64
		{A0C4D319-D401-49DD-8D67-E8608D4CB02C}.Release|x64.ActiveCfg = Release|x64
		{A0C4D319-D401-49DD-8D67-E8608D4CB02C}.Release|x64.Build.0 = Release|x64
		{A0C4D319-D401-49DD-8D67-E8608D4CB02C}.Release|x86.ActiveCfg = Release|x86
		{A0C4D319-D401-49DD-8D67-E8608D4CB02C}.Release|x86.Build.0 = Release|x86
		{72290F1F-2829-4F7E-A57C-D9B311A2415A}.Debug|Any CPU.ActiveCfg = Debug|Any CPU
		{72290F1F-2829-4F7E-A57C-D9B311A2415A}.Debug|Any CPU.Build.0 = Debug|Any CPU
		{72290F1F-2829-4F7E-A57C-D9B311A2415A}.Debug|x64.ActiveCfg = Debug|x86
		{72290F1F-2829-4F7E-A57C-D9B311A2415A}.Debug|x64.Build.0 = Debug|x86
		{72290F1F-2829-4F7E-A57C-D9B311A2415A}.Debug|x86.ActiveCfg = Debug|x86
		{72290F1F-2829-4F7E-A57C-D9B311A2415A}.Debug|x86.Build.0 = Debug|x86
		{72290F1F-2829-4F7E-A57C-D9B311A2415A}.Release|Any CPU.ActiveCfg = Release|Any CPU
		{72290F1F-2829-4F7E-A57C-D9B311A2415A}.Release|Any CPU.Build.0 = Release|Any CPU
		{72290F1F-2829-4F7E-A57C-D9B311A2415A}.Release|x64.ActiveCfg = Release|x64
		{72290F1F-2829-4F7E-A57C-D9B311A2415A}.Release|x64.Build.0 = Release|x64
		{72290F1F-2829-4F7E-A57C-D9B311A2415A}.Release|x86.ActiveCfg = Release|x86
		{72290F1F-2829-4F7E-A57C-D9B311A2415A}.Release|x86.Build.0 = Release|x86
		{CA848DDD-2199-47D5-87AE-7709FC586FD6}.Debug|Any CPU.ActiveCfg = Debug|Any CPU
		{CA848DDD-2199-47D5-87AE-7709FC586FD6}.Debug|Any CPU.Build.0 = Debug|Any CPU
		{CA848DDD-2199-47D5-87AE-7709FC586FD6}.Debug|x64.ActiveCfg = Debug|x86
		{CA848DDD-2199-47D5-87AE-7709FC586FD6}.Debug|x64.Build.0 = Debug|x86
		{CA848DDD-2199-47D5-87AE-7709FC586FD6}.Debug|x86.ActiveCfg = Debug|x86
		{CA848DDD-2199-47D5-87AE-7709FC586FD6}.Debug|x86.Build.0 = Debug|x86
		{CA848DDD-2199-47D5-87AE-7709FC586FD6}.Release|Any CPU.ActiveCfg = Release|Any CPU
		{CA848DDD-2199-47D5-87AE-7709FC586FD6}.Release|Any CPU.Build.0 = Release|Any CPU
		{CA848DDD-2199-47D5-87AE-7709FC586FD6}.Release|x64.ActiveCfg = Release|Any CPU
		{CA848DDD-2199-47D5-87AE-7709FC586FD6}.Release|x64.Build.0 = Release|Any CPU
		{CA848DDD-2199-47D5-87AE-7709FC586FD6}.Release|x86.ActiveCfg = Release|x86
		{CA848DDD-2199-47D5-87AE-7709FC586FD6}.Release|x86.Build.0 = Release|x86
		{05A35022-C88A-43F6-8C36-E6A10AF877D7}.Debug|Any CPU.ActiveCfg = Debug|Any CPU
		{05A35022-C88A-43F6-8C36-E6A10AF877D7}.Debug|Any CPU.Build.0 = Debug|Any CPU
		{05A35022-C88A-43F6-8C36-E6A10AF877D7}.Debug|x64.ActiveCfg = Debug|x86
		{05A35022-C88A-43F6-8C36-E6A10AF877D7}.Debug|x64.Build.0 = Debug|x86
		{05A35022-C88A-43F6-8C36-E6A10AF877D7}.Debug|x86.ActiveCfg = Debug|x86
		{05A35022-C88A-43F6-8C36-E6A10AF877D7}.Debug|x86.Build.0 = Debug|x86
		{05A35022-C88A-43F6-8C36-E6A10AF877D7}.Release|Any CPU.ActiveCfg = Release|Any CPU
		{05A35022-C88A-43F6-8C36-E6A10AF877D7}.Release|Any CPU.Build.0 = Release|Any CPU
		{05A35022-C88A-43F6-8C36-E6A10AF877D7}.Release|x64.ActiveCfg = Release|Any CPU
		{05A35022-C88A-43F6-8C36-E6A10AF877D7}.Release|x64.Build.0 = Release|Any CPU
		{05A35022-C88A-43F6-8C36-E6A10AF877D7}.Release|x86.ActiveCfg = Release|x86
		{05A35022-C88A-43F6-8C36-E6A10AF877D7}.Release|x86.Build.0 = Release|x86
		{EB7A6956-6C81-43C4-A3A9-303B7D674BCD}.Debug|Any CPU.ActiveCfg = Debug|Any CPU
		{EB7A6956-6C81-43C4-A3A9-303B7D674BCD}.Debug|Any CPU.Build.0 = Debug|Any CPU
		{EB7A6956-6C81-43C4-A3A9-303B7D674BCD}.Debug|x64.ActiveCfg = Debug|x86
		{EB7A6956-6C81-43C4-A3A9-303B7D674BCD}.Debug|x64.Build.0 = Debug|x86
		{EB7A6956-6C81-43C4-A3A9-303B7D674BCD}.Debug|x86.ActiveCfg = Debug|x86
		{EB7A6956-6C81-43C4-A3A9-303B7D674BCD}.Debug|x86.Build.0 = Debug|x86
		{EB7A6956-6C81-43C4-A3A9-303B7D674BCD}.Release|Any CPU.ActiveCfg = Release|Any CPU
		{EB7A6956-6C81-43C4-A3A9-303B7D674BCD}.Release|Any CPU.Build.0 = Release|Any CPU
		{EB7A6956-6C81-43C4-A3A9-303B7D674BCD}.Release|x64.ActiveCfg = Release|Any CPU
		{EB7A6956-6C81-43C4-A3A9-303B7D674BCD}.Release|x64.Build.0 = Release|Any CPU
		{EB7A6956-6C81-43C4-A3A9-303B7D674BCD}.Release|x86.ActiveCfg = Release|x86
		{EB7A6956-6C81-43C4-A3A9-303B7D674BCD}.Release|x86.Build.0 = Release|x86
		{622C84F2-B70D-42F4-8E2F-A02147791F06}.Debug|Any CPU.ActiveCfg = Debug|Any CPU
		{622C84F2-B70D-42F4-8E2F-A02147791F06}.Debug|Any CPU.Build.0 = Debug|Any CPU
		{622C84F2-B70D-42F4-8E2F-A02147791F06}.Debug|x64.ActiveCfg = Debug|x86
		{622C84F2-B70D-42F4-8E2F-A02147791F06}.Debug|x64.Build.0 = Debug|x86
		{622C84F2-B70D-42F4-8E2F-A02147791F06}.Debug|x86.ActiveCfg = Debug|x86
		{622C84F2-B70D-42F4-8E2F-A02147791F06}.Debug|x86.Build.0 = Debug|x86
		{622C84F2-B70D-42F4-8E2F-A02147791F06}.Release|Any CPU.ActiveCfg = Release|Any CPU
		{622C84F2-B70D-42F4-8E2F-A02147791F06}.Release|Any CPU.Build.0 = Release|Any CPU
		{622C84F2-B70D-42F4-8E2F-A02147791F06}.Release|x64.ActiveCfg = Release|Any CPU
		{622C84F2-B70D-42F4-8E2F-A02147791F06}.Release|x64.Build.0 = Release|Any CPU
		{622C84F2-B70D-42F4-8E2F-A02147791F06}.Release|x86.ActiveCfg = Release|x86
		{622C84F2-B70D-42F4-8E2F-A02147791F06}.Release|x86.Build.0 = Release|x86
		{81AAB622-F0EA-48B4-8904-15FF035AD86D}.Debug|Any CPU.ActiveCfg = Debug|Any CPU
		{81AAB622-F0EA-48B4-8904-15FF035AD86D}.Debug|Any CPU.Build.0 = Debug|Any CPU
		{81AAB622-F0EA-48B4-8904-15FF035AD86D}.Debug|x64.ActiveCfg = Debug|x86
		{81AAB622-F0EA-48B4-8904-15FF035AD86D}.Debug|x64.Build.0 = Debug|x86
		{81AAB622-F0EA-48B4-8904-15FF035AD86D}.Debug|x86.ActiveCfg = Debug|x86
		{81AAB622-F0EA-48B4-8904-15FF035AD86D}.Debug|x86.Build.0 = Debug|x86
		{81AAB622-F0EA-48B4-8904-15FF035AD86D}.Release|Any CPU.ActiveCfg = Release|Any CPU
		{81AAB622-F0EA-48B4-8904-15FF035AD86D}.Release|Any CPU.Build.0 = Release|Any CPU
		{81AAB622-F0EA-48B4-8904-15FF035AD86D}.Release|x64.ActiveCfg = Release|Any CPU
		{81AAB622-F0EA-48B4-8904-15FF035AD86D}.Release|x64.Build.0 = Release|Any CPU
		{81AAB622-F0EA-48B4-8904-15FF035AD86D}.Release|x86.ActiveCfg = Release|x86
		{81AAB622-F0EA-48B4-8904-15FF035AD86D}.Release|x86.Build.0 = Release|x86
		{64BCEBA5-40DC-4D6F-B155-E2173D6BC7C6}.Debug|Any CPU.ActiveCfg = Debug|Any CPU
		{64BCEBA5-40DC-4D6F-B155-E2173D6BC7C6}.Debug|Any CPU.Build.0 = Debug|Any CPU
		{64BCEBA5-40DC-4D6F-B155-E2173D6BC7C6}.Debug|x64.ActiveCfg = Debug|x86
		{64BCEBA5-40DC-4D6F-B155-E2173D6BC7C6}.Debug|x64.Build.0 = Debug|x86
		{64BCEBA5-40DC-4D6F-B155-E2173D6BC7C6}.Debug|x86.ActiveCfg = Debug|x86
		{64BCEBA5-40DC-4D6F-B155-E2173D6BC7C6}.Debug|x86.Build.0 = Debug|x86
		{64BCEBA5-40DC-4D6F-B155-E2173D6BC7C6}.Release|Any CPU.ActiveCfg = Release|Any CPU
		{64BCEBA5-40DC-4D6F-B155-E2173D6BC7C6}.Release|Any CPU.Build.0 = Release|Any CPU
		{64BCEBA5-40DC-4D6F-B155-E2173D6BC7C6}.Release|x64.ActiveCfg = Release|Any CPU
		{64BCEBA5-40DC-4D6F-B155-E2173D6BC7C6}.Release|x64.Build.0 = Release|Any CPU
		{64BCEBA5-40DC-4D6F-B155-E2173D6BC7C6}.Release|x86.ActiveCfg = Release|x86
		{64BCEBA5-40DC-4D6F-B155-E2173D6BC7C6}.Release|x86.Build.0 = Release|x86
		{0E38EF99-DD8D-439E-8972-1BEFCEDEE9F9}.Debug|Any CPU.ActiveCfg = Debug|Any CPU
		{0E38EF99-DD8D-439E-8972-1BEFCEDEE9F9}.Debug|Any CPU.Build.0 = Debug|Any CPU
		{0E38EF99-DD8D-439E-8972-1BEFCEDEE9F9}.Debug|x64.ActiveCfg = Debug|x86
		{0E38EF99-DD8D-439E-8972-1BEFCEDEE9F9}.Debug|x64.Build.0 = Debug|x86
		{0E38EF99-DD8D-439E-8972-1BEFCEDEE9F9}.Debug|x86.ActiveCfg = Debug|x86
		{0E38EF99-DD8D-439E-8972-1BEFCEDEE9F9}.Debug|x86.Build.0 = Debug|x86
		{0E38EF99-DD8D-439E-8972-1BEFCEDEE9F9}.Release|Any CPU.ActiveCfg = Release|Any CPU
		{0E38EF99-DD8D-439E-8972-1BEFCEDEE9F9}.Release|Any CPU.Build.0 = Release|Any CPU
		{0E38EF99-DD8D-439E-8972-1BEFCEDEE9F9}.Release|x64.ActiveCfg = Release|Any CPU
		{0E38EF99-DD8D-439E-8972-1BEFCEDEE9F9}.Release|x64.Build.0 = Release|Any CPU
		{0E38EF99-DD8D-439E-8972-1BEFCEDEE9F9}.Release|x86.ActiveCfg = Release|x86
		{0E38EF99-DD8D-439E-8972-1BEFCEDEE9F9}.Release|x86.Build.0 = Release|x86
		{30C60AA1-6E0C-46BD-954E-93864004068B}.Debug|Any CPU.ActiveCfg = Debug|Any CPU
		{30C60AA1-6E0C-46BD-954E-93864004068B}.Debug|Any CPU.Build.0 = Debug|Any CPU
		{30C60AA1-6E0C-46BD-954E-93864004068B}.Debug|x64.ActiveCfg = Debug|x86
		{30C60AA1-6E0C-46BD-954E-93864004068B}.Debug|x64.Build.0 = Debug|x86
		{30C60AA1-6E0C-46BD-954E-93864004068B}.Debug|x86.ActiveCfg = Debug|x86
		{30C60AA1-6E0C-46BD-954E-93864004068B}.Debug|x86.Build.0 = Debug|x86
		{30C60AA1-6E0C-46BD-954E-93864004068B}.Release|Any CPU.ActiveCfg = Release|Any CPU
		{30C60AA1-6E0C-46BD-954E-93864004068B}.Release|Any CPU.Build.0 = Release|Any CPU
		{30C60AA1-6E0C-46BD-954E-93864004068B}.Release|x64.ActiveCfg = Release|Any CPU
		{30C60AA1-6E0C-46BD-954E-93864004068B}.Release|x64.Build.0 = Release|Any CPU
		{30C60AA1-6E0C-46BD-954E-93864004068B}.Release|x86.ActiveCfg = Release|x86
		{30C60AA1-6E0C-46BD-954E-93864004068B}.Release|x86.Build.0 = Release|x86
		{A2A38A7D-068C-4A8E-B25F-465F6D5B1179}.Debug|Any CPU.ActiveCfg = Debug|Any CPU
		{A2A38A7D-068C-4A8E-B25F-465F6D5B1179}.Debug|Any CPU.Build.0 = Debug|Any CPU
		{A2A38A7D-068C-4A8E-B25F-465F6D5B1179}.Debug|x64.ActiveCfg = Debug|x86
		{A2A38A7D-068C-4A8E-B25F-465F6D5B1179}.Debug|x64.Build.0 = Debug|x86
		{A2A38A7D-068C-4A8E-B25F-465F6D5B1179}.Debug|x86.ActiveCfg = Debug|x86
		{A2A38A7D-068C-4A8E-B25F-465F6D5B1179}.Debug|x86.Build.0 = Debug|x86
		{A2A38A7D-068C-4A8E-B25F-465F6D5B1179}.Release|Any CPU.ActiveCfg = Release|Any CPU
		{A2A38A7D-068C-4A8E-B25F-465F6D5B1179}.Release|Any CPU.Build.0 = Release|Any CPU
		{A2A38A7D-068C-4A8E-B25F-465F6D5B1179}.Release|x64.ActiveCfg = Release|Any CPU
		{A2A38A7D-068C-4A8E-B25F-465F6D5B1179}.Release|x64.Build.0 = Release|Any CPU
		{A2A38A7D-068C-4A8E-B25F-465F6D5B1179}.Release|x86.ActiveCfg = Release|x86
		{A2A38A7D-068C-4A8E-B25F-465F6D5B1179}.Release|x86.Build.0 = Release|x86
		{B34648C1-5596-4C68-BDC1-4AEBB9B24F45}.Debug|Any CPU.ActiveCfg = Debug|Any CPU
		{B34648C1-5596-4C68-BDC1-4AEBB9B24F45}.Debug|Any CPU.Build.0 = Debug|Any CPU
		{B34648C1-5596-4C68-BDC1-4AEBB9B24F45}.Debug|x64.ActiveCfg = Debug|x86
		{B34648C1-5596-4C68-BDC1-4AEBB9B24F45}.Debug|x64.Build.0 = Debug|x86
		{B34648C1-5596-4C68-BDC1-4AEBB9B24F45}.Debug|x86.ActiveCfg = Debug|x86
		{B34648C1-5596-4C68-BDC1-4AEBB9B24F45}.Debug|x86.Build.0 = Debug|x86
		{B34648C1-5596-4C68-BDC1-4AEBB9B24F45}.Release|Any CPU.ActiveCfg = Release|Any CPU
		{B34648C1-5596-4C68-BDC1-4AEBB9B24F45}.Release|Any CPU.Build.0 = Release|Any CPU
		{B34648C1-5596-4C68-BDC1-4AEBB9B24F45}.Release|x64.ActiveCfg = Release|Any CPU
		{B34648C1-5596-4C68-BDC1-4AEBB9B24F45}.Release|x64.Build.0 = Release|Any CPU
		{B34648C1-5596-4C68-BDC1-4AEBB9B24F45}.Release|x86.ActiveCfg = Release|x86
		{B34648C1-5596-4C68-BDC1-4AEBB9B24F45}.Release|x86.Build.0 = Release|x86
		{0835D5B8-0251-451B-BF3E-728DBBA88500}.Debug|Any CPU.ActiveCfg = Debug|Any CPU
		{0835D5B8-0251-451B-BF3E-728DBBA88500}.Debug|Any CPU.Build.0 = Debug|Any CPU
		{0835D5B8-0251-451B-BF3E-728DBBA88500}.Debug|x64.ActiveCfg = Debug|x86
		{0835D5B8-0251-451B-BF3E-728DBBA88500}.Debug|x64.Build.0 = Debug|x86
		{0835D5B8-0251-451B-BF3E-728DBBA88500}.Debug|x86.ActiveCfg = Debug|x86
		{0835D5B8-0251-451B-BF3E-728DBBA88500}.Debug|x86.Build.0 = Debug|x86
		{0835D5B8-0251-451B-BF3E-728DBBA88500}.Release|Any CPU.ActiveCfg = Release|Any CPU
		{0835D5B8-0251-451B-BF3E-728DBBA88500}.Release|Any CPU.Build.0 = Release|Any CPU
		{0835D5B8-0251-451B-BF3E-728DBBA88500}.Release|x64.ActiveCfg = Release|x64
		{0835D5B8-0251-451B-BF3E-728DBBA88500}.Release|x64.Build.0 = Release|x64
		{0835D5B8-0251-451B-BF3E-728DBBA88500}.Release|x86.ActiveCfg = Release|x86
		{0835D5B8-0251-451B-BF3E-728DBBA88500}.Release|x86.Build.0 = Release|x86
		{C2B2CAAF-0974-4727-8930-E67B67B829DD}.Debug|Any CPU.ActiveCfg = Debug|Any CPU
		{C2B2CAAF-0974-4727-8930-E67B67B829DD}.Debug|Any CPU.Build.0 = Debug|Any CPU
		{C2B2CAAF-0974-4727-8930-E67B67B829DD}.Debug|x64.ActiveCfg = Debug|x86
		{C2B2CAAF-0974-4727-8930-E67B67B829DD}.Debug|x64.Build.0 = Debug|x86
		{C2B2CAAF-0974-4727-8930-E67B67B829DD}.Debug|x86.ActiveCfg = Debug|x86
		{C2B2CAAF-0974-4727-8930-E67B67B829DD}.Debug|x86.Build.0 = Debug|x86
		{C2B2CAAF-0974-4727-8930-E67B67B829DD}.Release|Any CPU.ActiveCfg = Release|Any CPU
		{C2B2CAAF-0974-4727-8930-E67B67B829DD}.Release|Any CPU.Build.0 = Release|Any CPU
		{C2B2CAAF-0974-4727-8930-E67B67B829DD}.Release|x64.ActiveCfg = Release|Any CPU
		{C2B2CAAF-0974-4727-8930-E67B67B829DD}.Release|x64.Build.0 = Release|Any CPU
		{C2B2CAAF-0974-4727-8930-E67B67B829DD}.Release|x86.ActiveCfg = Release|x86
		{C2B2CAAF-0974-4727-8930-E67B67B829DD}.Release|x86.Build.0 = Release|x86
	EndGlobalSection
	GlobalSection(SolutionProperties) = preSolution
		HideSolutionNode = FALSE
	EndGlobalSection
	GlobalSection(ExtensibilityGlobals) = postSolution
		SolutionGuid = {9F4641BD-2B04-4C54-A4A6-4093B18B5216}
	EndGlobalSection
EndGlobal
