
Microsoft Visual Studio Solution File, Format Version 12.00
# Visual Studio Version 17
VisualStudioVersion = 17.1.32328.378
MinimumVisualStudioVersion = 10.0.40219.1
Project("{9A19103F-16F7-4668-BE54-9A1E7A4F7556}") = "Test_Scale", "Test_Scale.csproj", "{9BD80A0E-2F8E-43CE-8A95-4B8FA131F3F3}"
EndProject
Global
	GlobalSection(SolutionConfigurationPlatforms) = preSolution
		Debug|Any CPU = Debug|Any CPU
		Debug|x64 = Debug|x64
		Release|Any CPU = Release|Any CPU
		Release|x64 = Release|x64
	EndGlobalSection
	GlobalSection(ProjectConfigurationPlatforms) = postSolution
		{9BD80A0E-2F8E-43CE-8A95-4B8FA131F3F3}.Debug|Any CPU.ActiveCfg = Debug|Any CPU
		{9BD80A0E-2F8E-43CE-8A95-4B8FA131F3F3}.Debug|Any CPU.Build.0 = Debug|Any CPU
		{9BD80A0E-2F8E-43CE-8A95-4B8FA131F3F3}.Debug|x64.ActiveCfg = Debug|Any CPU
		{9BD80A0E-2F8E-43CE-8A95-4B8FA131F3F3}.Debug|x64.Build.0 = Debug|Any CPU
		{9BD80A0E-2F8E-43CE-8A95-4B8FA131F3F3}.Release|Any CPU.ActiveCfg = Release|Any CPU
		{9BD80A0E-2F8E-43CE-8A95-4B8FA131F3F3}.Release|Any CPU.Build.0 = Release|Any CPU
		{9BD80A0E-2F8E-43CE-8A95-4B8FA131F3F3}.Release|x64.ActiveCfg = Release|Any CPU
		{9BD80A0E-2F8E-43CE-8A95-4B8FA131F3F3}.Release|x64.Build.0 = Release|Any CPU
	EndGlobalSection
	GlobalSection(SolutionProperties) = preSolution
		HideSolutionNode = FALSE
	EndGlobalSection
	GlobalSection(ExtensibilityGlobals) = postSolution
		SolutionGuid = {FF0AB721-2BA4-4DEC-883B-8FB4C0077EBC}
	EndGlobalSection
EndGlobal
